// !$*UTF8*$!
{
	archiveVersion = 1;
	classes = {
	};
	objectVersion = 46;
	objects = {

/* Begin PBXBuildFile section */
		33114C121F41C04F00E23DBF /* AppDelegate.swift in Sources */ = {isa = PBXBuildFile; fileRef = 33114C111F41C04F00E23DBF /* AppDelegate.swift */; };
		33114C141F41C04F00E23DBF /* ViewController.swift in Sources */ = {isa = PBXBuildFile; fileRef = 33114C131F41C04F00E23DBF /* ViewController.swift */; };
		33114C171F41C04F00E23DBF /* Main.storyboard in Resources */ = {isa = PBXBuildFile; fileRef = 33114C151F41C04F00E23DBF /* Main.storyboard */; };
		33114C1A1F41C04F00E23DBF /* Schedule.xcdatamodeld in Sources */ = {isa = PBXBuildFile; fileRef = 33114C181F41C04F00E23DBF /* Schedule.xcdatamodeld */; };
		33114C1C1F41C04F00E23DBF /* Assets.xcassets in Resources */ = {isa = PBXBuildFile; fileRef = 33114C1B1F41C04F00E23DBF /* Assets.xcassets */; };
		33114C1F1F41C04F00E23DBF /* LaunchScreen.storyboard in Resources */ = {isa = PBXBuildFile; fileRef = 33114C1D1F41C04F00E23DBF /* LaunchScreen.storyboard */; };
/* End PBXBuildFile section */

/* Begin PBXFileReference section */
		33114C0E1F41C04F00E23DBF /* Schedule.app */ = {isa = PBXFileReference; explicitFileType = wrapper.application; includeInIndex = 0; path = Schedule.app; sourceTree = BUILT_PRODUCTS_DIR; };
		33114C111F41C04F00E23DBF /* AppDelegate.swift */ = {isa = PBXFileReference; lastKnownFileType = sourcecode.swift; path = AppDelegate.swift; sourceTree = "<group>"; };
		33114C131F41C04F00E23DBF /* ViewController.swift */ = {isa = PBXFileReference; lastKnownFileType = sourcecode.swift; path = ViewController.swift; sourceTree = "<group>"; };
		33114C161F41C04F00E23DBF /* Base */ = {isa = PBXFileReference; lastKnownFileType = file.storyboard; name = Base; path = Base.lproj/Main.storyboard; sourceTree = "<group>"; };
		33114C191F41C04F00E23DBF /* Schedule.xcdatamodel */ = {isa = PBXFileReference; lastKnownFileType = wrapper.xcdatamodel; path = Schedule.xcdatamodel; sourceTree = "<group>"; };
		33114C1B1F41C04F00E23DBF /* Assets.xcassets */ = {isa = PBXFileReference; lastKnownFileType = folder.assetcatalog; path = Assets.xcassets; sourceTree = "<group>"; };
		33114C1E1F41C04F00E23DBF /* Base */ = {isa = PBXFileReference; lastKnownFileType = file.storyboard; name = Base; path = Base.lproj/LaunchScreen.storyboard; sourceTree = "<group>"; };
		33114C201F41C04F00E23DBF /* Info.plist */ = {isa = PBXFileReference; lastKnownFileType = text.plist.xml; path = Info.plist; sourceTree = "<group>"; };
/* End PBXFileReference section */

/* Begin PBXFrameworksBuildPhase section */
		33114C0B1F41C04F00E23DBF /* Frameworks */ = {
			isa = PBXFrameworksBuildPhase;
			buildActionMask = 2147483647;
			files = (
			);
			runOnlyForDeploymentPostprocessing = 0;
		};
/* End PBXFrameworksBuildPhase section */

/* Begin PBXGroup section */
		33114C051F41C04F00E23DBF = {
			isa = PBXGroup;
			children = (
				33114C101F41C04F00E23DBF /* Schedule */,
				33114C0F1F41C04F00E23DBF /* Products */,
			);
			sourceTree = "<group>";
		};
		33114C0F1F41C04F00E23DBF /* Products */ = {
			isa = PBXGroup;
			children = (
				33114C0E1F41C04F00E23DBF /* Schedule.app */,
			);
			name = Products;
			sourceTree = "<group>";
		};
		33114C101F41C04F00E23DBF /* Schedule */ = {
			isa = PBXGroup;
			children = (
				33114C111F41C04F00E23DBF /* AppDelegate.swift */,
				33114C131F41C04F00E23DBF /* ViewController.swift */,
				33114C151F41C04F00E23DBF /* Main.storyboard */,
				33114C1B1F41C04F00E23DBF /* Assets.xcassets */,
				33114C1D1F41C04F00E23DBF /* LaunchScreen.storyboard */,
				33114C201F41C04F00E23DBF /* Info.plist */,
				33114C181F41C04F00E23DBF /* Schedule.xcdatamodeld */,
			);
			path = Schedule;
			sourceTree = "<group>";
		};
/* End PBXGroup section */

/* Begin PBXNativeTarget section */
		33114C0D1F41C04F00E23DBF /* Schedule */ = {
			isa = PBXNativeTarget;
			buildConfigurationList = 33114C231F41C04F00E23DBF /* Build configuration list for PBXNativeTarget "Schedule" */;
			buildPhases = (
				33114C0A1F41C04F00E23DBF /* Sources */,
				33114C0B1F41C04F00E23DBF /* Frameworks */,
				33114C0C1F41C04F00E23DBF /* Resources */,
			);
			buildRules = (
			);
			dependencies = (
			);
			name = Schedule;
			productName = Schedule;
			productReference = 33114C0E1F41C04F00E23DBF /* Schedule.app */;
			productType = "com.apple.product-type.application";
		};
/* End PBXNativeTarget section */

/* Begin PBXProject section */
		33114C061F41C04F00E23DBF /* Project object */ = {
			isa = PBXProject;
			attributes = {
				LastSwiftUpdateCheck = 0830;
				LastUpgradeCheck = 0830;
				ORGANIZATIONNAME = "Samar Sunkaria";
				TargetAttributes = {
					33114C0D1F41C04F00E23DBF = {
						CreatedOnToolsVersion = 8.3.3;
						ProvisioningStyle = Automatic;
					};
				};
			};
			buildConfigurationList = 33114C091F41C04F00E23DBF /* Build configuration list for PBXProject "Schedule" */;
			compatibilityVersion = "Xcode 3.2";
			developmentRegion = English;
			hasScannedForEncodings = 0;
			knownRegions = (
				en,
				Base,
			);
			mainGroup = 33114C051F41C04F00E23DBF;
			productRefGroup = 33114C0F1F41C04F00E23DBF /* Products */;
			projectDirPath = "";
			projectRoot = "";
			targets = (
				33114C0D1F41C04F00E23DBF /* Schedule */,
			);
		};
/* End PBXProject section */

/* Begin PBXResourcesBuildPhase section */
		33114C0C1F41C04F00E23DBF /* Resources */ = {
			isa = PBXResourcesBuildPhase;
			buildActionMask = 2147483647;
			files = (
				33114C1F1F41C04F00E23DBF /* LaunchScreen.storyboard in Resources */,
				33114C1C1F41C04F00E23DBF /* Assets.xcassets in Resources */,
				33114C171F41C04F00E23DBF /* Main.storyboard in Resources */,
			);
			runOnlyForDeploymentPostprocessing = 0;
		};
/* End PBXResourcesBuildPhase section */

/* Begin PBXSourcesBuildPhase section */
		33114C0A1F41C04F00E23DBF /* Sources */ = {
			isa = PBXSourcesBuildPhase;
			buildActionMask = 2147483647;
			files = (
				33114C141F41C04F00E23DBF /* ViewController.swift in Sources */,
				33114C1A1F41C04F00E23DBF /* Schedule.xcdatamodeld in Sources */,
				33114C121F41C04F00E23DBF /* AppDelegate.swift in Sources */,
			);
			runOnlyForDeploymentPostprocessing = 0;
		};
/* End PBXSourcesBuildPhase section */

/* Begin PBXVariantGroup section */
		33114C151F41C04F00E23DBF /* Main.storyboard */ = {
			isa = PBXVariantGroup;
			children = (
				33114C161F41C04F00E23DBF /* Base */,
			);
			name = Main.storyboard;
			sourceTree = "<group>";
		};
		33114C1D1F41C04F00E23DBF /* LaunchScreen.storyboard */ = {
			isa = PBXVariantGroup;
			children = (
				33114C1E1F41C04F00E23DBF /* Base */,
			);
			name = LaunchScreen.storyboard;
			sourceTree = "<group>";
		};
/* End PBXVariantGroup section */

/* Begin XCBuildConfiguration section */
		33114C211F41C04F00E23DBF /* Debug */ = {
			isa = XCBuildConfiguration;
			buildSettings = {
				ALWAYS_SEARCH_USER_PATHS = NO;
				CLANG_ANALYZER_NONNULL = YES;
				CLANG_ANALYZER_NUMBER_OBJECT_CONVERSION = YES_AGGRESSIVE;
				CLANG_CXX_LANGUAGE_STANDARD = "gnu++0x";
				CLANG_CXX_LIBRARY = "libc++";
				CLANG_ENABLE_MODULES = YES;
				CLANG_ENABLE_OBJC_ARC = YES;
				CLANG_WARN_BOOL_CONVERSION = YES;
				CLANG_WARN_CONSTANT_CONVERSION = YES;
				CLANG_WARN_DIRECT_OBJC_ISA_USAGE = YES_ERROR;
				CLANG_WARN_DOCUMENTATION_COMMENTS = YES;
				CLANG_WARN_EMPTY_BODY = YES;
				CLANG_WARN_ENUM_CONVERSION = YES;
				CLANG_WARN_INFINITE_RECURSION = YES;
				CLANG_WARN_INT_CONVERSION = YES;
				CLANG_WARN_OBJC_ROOT_CLASS = YES_ERROR;
				CLANG_WARN_SUSPICIOUS_MOVE = YES;
				CLANG_WARN_UNREACHABLE_CODE = YES;
				CLANG_WARN__DUPLICATE_METHOD_MATCH = YES;
				"CODE_SIGN_IDENTITY[sdk=iphoneos*]" = "iPhone Developer";
				COPY_PHASE_STRIP = NO;
				DEBUG_INFORMATION_FORMAT = dwarf;
				ENABLE_STRICT_OBJC_MSGSEND = YES;
				ENABLE_TESTABILITY = YES;
				GCC_C_LANGUAGE_STANDARD = gnu99;
				GCC_DYNAMIC_NO_PIC = NO;
				GCC_NO_COMMON_BLOCKS = YES;
				GCC_OPTIMIZATION_LEVEL = 0;
				GCC_PREPROCESSOR_DEFINITIONS = (
					"DEBUG=1",
					"$(inherited)",
				);
				GCC_WARN_64_TO_32_BIT_CONVERSION = YES;
				GCC_WARN_ABOUT_RETURN_TYPE = YES_ERROR;
				GCC_WARN_UNDECLARED_SELECTOR = YES;
				GCC_WARN_UNINITIALIZED_AUTOS = YES_AGGRESSIVE;
				GCC_WARN_UNUSED_FUNCTION = YES;
				GCC_WARN_UNUSED_VARIABLE = YES;
				IPHONEOS_DEPLOYMENT_TARGET = 10.3;
				MTL_ENABLE_DEBUG_INFO = YES;
				ONLY_ACTIVE_ARCH = YES;
				SDKROOT = iphoneos;
				SWIFT_ACTIVE_COMPILATION_CONDITIONS = DEBUG;
				SWIFT_OPTIMIZATION_LEVEL = "-Onone";
				TARGETED_DEVICE_FAMILY = "1,2";
			};
			name = Debug;
		};
		33114C221F41C04F00E23DBF /* Release */ = {
			isa = XCBuildConfiguration;
			buildSettings = {
				ALWAYS_SEARCH_USER_PATHS = NO;
				CLANG_ANALYZER_NONNULL = YES;
				CLANG_ANALYZER_NUMBER_OBJECT_CONVERSION = YES_AGGRESSIVE;
				CLANG_CXX_LANGUAGE_STANDARD = "gnu++0x";
				CLANG_CXX_LIBRARY = "libc++";
				CLANG_ENABLE_MODULES = YES;
				CLANG_ENABLE_OBJC_ARC = YES;
				CLANG_WARN_BOOL_CONVERSION = YES;
				CLANG_WARN_CONSTANT_CONVERSION = YES;
				CLANG_WARN_DIRECT_OBJC_ISA_USAGE = YES_ERROR;
				CLANG_WARN_DOCUMENTATION_COMMENTS = YES;
				CLANG_WARN_EMPTY_BODY = YES;
				CLANG_WARN_ENUM_CONVERSION = YES;
				CLANG_WARN_INFINITE_RECURSION = YES;
				CLANG_WARN_INT_CONVERSION = YES;
				CLANG_WARN_OBJC_ROOT_CLASS = YES_ERROR;
				CLANG_WARN_SUSPICIOUS_MOVE = YES;
				CLANG_WARN_UNREACHABLE_CODE = YES;
				CLANG_WARN__DUPLICATE_METHOD_MATCH = YES;
				"CODE_SIGN_IDENTITY[sdk=iphoneos*]" = "iPhone Developer";
				COPY_PHASE_STRIP = NO;
				DEBUG_INFORMATION_FORMAT = "dwarf-with-dsym";
				ENABLE_NS_ASSERTIONS = NO;
				ENABLE_STRICT_OBJC_MSGSEND = YES;
				GCC_C_LANGUAGE_STANDARD = gnu99;
				GCC_NO_COMMON_BLOCKS = YES;
				GCC_WARN_64_TO_32_BIT_CONVERSION = YES;
				GCC_WARN_ABOUT_RETURN_TYPE = YES_ERROR;
				GCC_WARN_UNDECLARED_SELECTOR = YES;
				GCC_WARN_UNINITIALIZED_AUTOS = YES_AGGRESSIVE;
				GCC_WARN_UNUSED_FUNCTION = YES;
				GCC_WARN_UNUSED_VARIABLE = YES;
				IPHONEOS_DEPLOYMENT_TARGET = 10.3;
				MTL_ENABLE_DEBUG_INFO = NO;
				SDKROOT = iphoneos;
				SWIFT_OPTIMIZATION_LEVEL = "-Owholemodule";
				TARGETED_DEVICE_FAMILY = "1,2";
				VALIDATE_PRODUCT = YES;
			};
			name = Release;
		};
		33114C241F41C04F00E23DBF /* Debug */ = {
			isa = XCBuildConfiguration;
			buildSettings = {
				ASSETCATALOG_COMPILER_APPICON_NAME = AppIcon;
				INFOPLIST_FILE = Schedule/Info.plist;
				LD_RUNPATH_SEARCH_PATHS = "$(inherited) @executable_path/Frameworks";
				PRODUCT_BUNDLE_IDENTIFIER = com.samar.Schedule;
				PRODUCT_NAME = "$(TARGET_NAME)";
				SWIFT_VERSION = 3.0;
			};
			name = Debug;
		};
		33114C251F41C04F00E23DBF /* Release */ = {
			isa = XCBuildConfiguration;
			buildSettings = {
				ASSETCATALOG_COMPILER_APPICON_NAME = AppIcon;
				INFOPLIST_FILE = Schedule/Info.plist;
				LD_RUNPATH_SEARCH_PATHS = "$(inherited) @executable_path/Frameworks";
				PRODUCT_BUNDLE_IDENTIFIER = com.samar.Schedule;
				PRODUCT_NAME = "$(TARGET_NAME)";
				SWIFT_VERSION = 3.0;
			};
			name = Release;
		};
/* End XCBuildConfiguration section */

/* Begin XCConfigurationList section */
		33114C091F41C04F00E23DBF /* Build configuration list for PBXProject "Schedule" */ = {
			isa = XCConfigurationList;
			buildConfigurations = (
				33114C211F41C04F00E23DBF /* Debug */,
				33114C221F41C04F00E23DBF /* Release */,
			);
			defaultConfigurationIsVisible = 0;
			defaultConfigurationName = Release;
		};
		33114C231F41C04F00E23DBF /* Build configuration list for PBXNativeTarget "Schedule" */ = {
			isa = XCConfigurationList;
			buildConfigurations = (
				33114C241F41C04F00E23DBF /* Debug */,
				33114C251F41C04F00E23DBF /* Release */,
			);
			defaultConfigurationIsVisible = 0;
		};
/* End XCConfigurationList section */

/* Begin XCVersionGroup section */
		33114C181F41C04F00E23DBF /* Schedule.xcdatamodeld */ = {
			isa = XCVersionGroup;
			children = (
				33114C191F41C04F00E23DBF /* Schedule.xcdatamodel */,
			);
			currentVersion = 33114C191F41C04F00E23DBF /* Schedule.xcdatamodel */;
			path = Schedule.xcdatamodeld;
			sourceTree = "<group>";
			versionGroupType = wrapper.xcdatamodel;
		};
/* End XCVersionGroup section */
	};
	rootObject = 33114C061F41C04F00E23DBF /* Project object */;
}
